{
  "name": "dx-jpx",
  "version": "1.0.0",
  "lockfileVersion": 3,
  "requires": true,
  "packages": {
    "": {
      "name": "dx-jpx",
      "version": "1.0.0",
      "license": "MIT",
      "dependencies": {
        "@dx/nova": "file:../tessy"
      },
      "devDependencies": {
        "path": "~0.12.7",
        "typedoc": "^0.28.7",
        "typescript": "^5.8.3"
      }
    },
    "../tessy": {
      "name": "@dx/nova",
      "version": "0.2.0",
      "hasInstallScript": true,
      "license": "MIT",
      "dependencies": {
        "@aws-sdk/client-codeartifact": "^3.806.0",
        "@aws-sdk/client-sts": "^3.806.0",
        "@jest/core": "^29.6.3",
        "@jest/globals": "^29.6.3",
        "@types/inquirer": "^9.0.4",
        "@types/ip": "^1.1.1",
        "@types/jest": "^29.5.4",
        "@types/yargs": "^17.0.24",
        "@vue/cli-plugin-typescript": "^5.0.8",
        "@vue/compiler-sfc": "^3.3.4",
        "accepts": "^1.3.8",
        "copy-webpack-plugin": "^11.0.0",
        "css-loader": "^6.8.1",
        "dx-android-sdk": "^0.1.25",
        "dx-console": "^1.1.24",
        "dx-cordova-manager": "^0.1.11",
        "dx-gradle": "^0.1.7",
        "dx-jdk": "^0.1.8",
        "dx-openssl": "^0.1.8",
        "file-loader": "^6.2.0",
        "html-webpack-plugin": "^5.5.3",
        "inquirer": "^9.2.11",
        "ip": "^1.1.8",
        "jest": "^29.6.4",
        "jszip": "^3.10.1",
        "nw": "^0.87.0-sdk",
        "prompt-base": "^5.0.0",
        "prompt-password": "^1.2.0",
        "raw-loader": "^4.0.2",
        "sass": "^1.69.3",
        "sass-loader": "^13.3.2",
        "sharp": "^0.32.6",
        "sprintf-js": "^1.1.3",
        "style-loader": "^3.3.3",
        "ts-jest": "^29.1.1",
        "ts-loader": "^9.5.0",
        "tsx": "^4.15.7",
        "typedoc": "^0.26.10",
        "typescript": "^5.1.6",
        "uuid": "^9.0.1",
        "vue": "^3.5.14",
        "vue-loader": "^17.4.2",
        "webpack": "^5.99.8",
        "webpack-cli": "^6.0.1",
        "webpack-dev-server": "^4.15.2",
        "webpack-merge": "^6.0.1",
        "webpack-node-externals": "^3.0.0",
        "webpack-plugin-vuetify": "^3.1.1",
        "xml2js": "^0.6.2",
        "yargs": "^17.7.2"
      },
      "bin": {
        "nova": "dist/nova/node/main.js"
      },
      "devDependencies": {
        "@types/chalk": "^2.2.0",
        "@types/prompt": "^1.1.9",
        "@types/webpack-node-externals": "^3.0.4",
        "@types/which": "^3.0.3",
        "@types/xml2js": "^0.4.14",
        "ajv": "^8.17.1",
        "chalk": "^5.3.0",
        "cross-env": "^7.0.3",
        "crypto-browserify": "^3.12.0",
        "crypto-js": "^4.2.0",
        "dotenv": "^16.4.5",
        "esbuild": "0.24.0",
        "esbuild-vue": "^1.2.2",
        "html-webpack-tags-plugin": "^3.0.2",
        "nw-builder": "^4.13.8",
        "os-browserify": "^0.3.0",
        "path-browserify": "^1.0.1",
        "process": "^0.11.10",
        "prompt": "^1.3.0",
        "ts-node": "^10.9.2",
        "vue-template-compiler": "^2.7.16",
        "vuetify": "^3.8.7",
        "which": "^4.0.0"
      }
    },
    "node_modules/@dx/nova": {
      "resolved": "../tessy",
      "link": true
    },
    "node_modules/@gerrit0/mini-shiki": {
      "version": "3.8.1",
      "resolved": "https://registry.npmjs.org/@gerrit0/mini-shiki/-/mini-shiki-3.8.1.tgz",
      "integrity": "sha512-HVZW+8pxoOExr5ZMPK15U79jQAZTO/S6i5byQyyZGjtNj+qaYd82cizTncwFzTQgiLo8uUBym6vh+/1tfJklTw==",
      "dev": true,
      "license": "MIT",
      "dependencies": {
        "@shikijs/engine-oniguruma": "^3.8.1",
        "@shikijs/langs": "^3.8.1",
        "@shikijs/themes": "^3.8.1",
        "@shikijs/types": "^3.8.1",
        "@shikijs/vscode-textmate": "^10.0.2"
      }
    },
    "node_modules/@shikijs/engine-oniguruma": {
      "version": "3.8.1",
      "resolved": "https://registry.npmjs.org/@shikijs/engine-oniguruma/-/engine-oniguruma-3.8.1.tgz",
      "integrity": "sha512-KGQJZHlNY7c656qPFEQpIoqOuC4LrxjyNndRdzk5WKB/Ie87+NJCF1xo9KkOUxwxylk7rT6nhlZyTGTC4fCe1g==",
      "dev": true,
      "license": "MIT",
      "dependencies": {
        "@shikijs/types": "3.8.1",
        "@shikijs/vscode-textmate": "^10.0.2"
      }
    },
    "node_modules/@shikijs/langs": {
      "version": "3.8.1",
      "resolved": "https://registry.npmjs.org/@shikijs/langs/-/langs-3.8.1.tgz",
      "integrity": "sha512-TjOFg2Wp1w07oKnXjs0AUMb4kJvujML+fJ1C5cmEj45lhjbUXtziT1x2bPQb9Db6kmPhkG5NI2tgYW1/DzhUuQ==",
      "dev": true,
      "license": "MIT",
      "dependencies": {
        "@shikijs/types": "3.8.1"
      }
    },
    "node_modules/@shikijs/themes": {
      "version": "3.8.1",
      "resolved": "https://registry.npmjs.org/@shikijs/themes/-/themes-3.8.1.tgz",
      "integrity": "sha512-Vu3t3BBLifc0GB0UPg2Pox1naTemrrvyZv2lkiSw3QayVV60me1ujFQwPZGgUTmwXl1yhCPW8Lieesm0CYruLQ==",
      "dev": true,
      "license": "MIT",
      "dependencies": {
        "@shikijs/types": "3.8.1"
      }
    },
    "node_modules/@shikijs/types": {
      "version": "3.8.1",
      "resolved": "https://registry.npmjs.org/@shikijs/types/-/types-3.8.1.tgz",
      "integrity": "sha512-5C39Q8/8r1I26suLh+5TPk1DTrbY/kn3IdWA5HdizR0FhlhD05zx5nKCqhzSfDHH3p4S0ZefxWd77DLV+8FhGg==",
      "dev": true,
      "license": "MIT",
      "dependencies": {
        "@shikijs/vscode-textmate": "^10.0.2",
        "@types/hast": "^3.0.4"
      }
    },
    "node_modules/@shikijs/vscode-textmate": {
      "version": "10.0.2",
      "resolved": "https://registry.npmjs.org/@shikijs/vscode-textmate/-/vscode-textmate-10.0.2.tgz",
      "integrity": "sha512-83yeghZ2xxin3Nj8z1NMd/NCuca+gsYXswywDy5bHvwlWL8tpTQmzGeUuHd9FC3E/SBEMvzJRwWEOz5gGes9Qg==",
      "dev": true,
      "license": "MIT"
    },
    "node_modules/@types/hast": {
      "version": "3.0.4",
      "resolved": "https://registry.npmjs.org/@types/hast/-/hast-3.0.4.tgz",
      "integrity": "sha512-WPs+bbQw5aCj+x6laNGWLH3wviHtoCv/P3+otBhbOhJgG8qtpdAMlTCxLtsTWA7LH1Oh/bFCHsBn0TPS5m30EQ==",
      "dev": true,
      "license": "MIT",
      "dependencies": {
        "@types/unist": "*"
      }
    },
    "node_modules/@types/unist": {
      "version": "3.0.3",
      "resolved": "https://registry.npmjs.org/@types/unist/-/unist-3.0.3.tgz",
      "integrity": "sha512-ko/gIFJRv177XgZsZcBwnqJN5x/Gien8qNOn0D5bQU/zAzVf9Zt3BlcUiLqhV9y4ARk0GbT3tnUiPNgnTXzc/Q==",
      "dev": true,
      "license": "MIT"
    },
    "node_modules/balanced-match": {
      "version": "1.0.2",
      "resolved": "https://registry.npmjs.org/balanced-match/-/balanced-match-1.0.2.tgz",
      "integrity": "sha512-3oSeUO0TMV67hN1AmbXsK4yaqU7tjiHlbxRDZOpH0KW9+CeX4bRAaX0Anxt0tx2MrpRpWwQaPwIlISEJhYU5Pw==",
      "dev": true,
      "license": "MIT"
    },
    "node_modules/lunr": {
      "version": "2.3.9",
      "resolved": "https://registry.npmjs.org/lunr/-/lunr-2.3.9.tgz",
      "integrity": "sha512-zTU3DaZaF3Rt9rhN3uBMGQD3dD2/vFQqnvZCDv4dl5iOzq2IZQqTxu90r4E5J+nP70J3ilqVCrbho2eWaeW8Ow==",
      "dev": true,
      "license": "MIT"
    },
    "node_modules/path": {
      "version": "0.12.7",
      "resolved": "https://registry.npmjs.org/path/-/path-0.12.7.tgz",
      "integrity": "sha512-aXXC6s+1w7otVF9UletFkFcDsJeO7lSZBPUQhtb5O0xJe8LtYhj/GxldoL09bBj9+ZmE2hNoHqQSFMN5fikh4Q==",
      "dev": true,
      "license": "MIT",
      "dependencies": {
        "process": "^0.11.1",
        "util": "^0.10.3"
      }
    },
    "node_modules/process": {
      "version": "0.11.10",
      "resolved": "https://registry.npmjs.org/process/-/process-0.11.10.tgz",
      "integrity": "sha512-cdGef/drWFoydD1JsMzuFf8100nZl+GT+yacc2bEced5f9Rjk4z+WtFUTBu9PhOi9j/jfmBPu0mMEY4wIdAF8A==",
      "dev": true,
      "license": "MIT",
      "engines": {
        "node": ">= 0.6.0"
      }
    },
    "node_modules/punycode.js": {
      "version": "2.3.1",
      "resolved": "https://registry.npmjs.org/punycode.js/-/punycode.js-2.3.1.tgz",
      "integrity": "sha512-uxFIHU0YlHYhDQtV4R9J6a52SLx28BCjT+4ieh7IGbgwVJWO+km431c4yRlREUAsAmt/uMjQUyQHNEPf0M39CA==",
      "dev": true,
      "license": "MIT",
      "engines": {
        "node": ">=6"
      }
    },
    "node_modules/typedoc": {
      "version": "0.28.7",
      "resolved": "https://registry.npmjs.org/typedoc/-/typedoc-0.28.7.tgz",
      "integrity": "sha512-lpz0Oxl6aidFkmS90VQDQjk/Qf2iw0IUvFqirdONBdj7jPSN9mGXhy66BcGNDxx5ZMyKKiBVAREvPEzT6Uxipw==",
      "dev": true,
      "license": "Apache-2.0",
      "dependencies": {
        "@gerrit0/mini-shiki": "^3.7.0",
        "lunr": "^2.3.9",
        "markdown-it": "^14.1.0",
        "minimatch": "^9.0.5",
        "yaml": "^2.8.0"
      },
      "bin": {
        "typedoc": "bin/typedoc"
      },
      "engines": {
        "node": ">= 18",
        "pnpm": ">= 10"
      },
      "peerDependencies": {
        "typescript": "5.0.x || 5.1.x || 5.2.x || 5.3.x || 5.4.x || 5.5.x || 5.6.x || 5.7.x || 5.8.x"
      }
    },
    "node_modules/typedoc/node_modules/argparse": {
      "version": "2.0.1",
      "resolved": "https://registry.npmjs.org/argparse/-/argparse-2.0.1.tgz",
      "integrity": "sha512-8+9WqebbFzpX9OR+Wa6O29asIogeRMzcGtAINdpMHHyAg10f05aSFVBbcEqGf/PXw1EjAZ+q2/bEBg3DvurK3Q==",
      "dev": true,
      "license": "Python-2.0"
    },
    "node_modules/typedoc/node_modules/brace-expansion": {
      "version": "2.0.2",
      "resolved": "https://registry.npmjs.org/brace-expansion/-/brace-expansion-2.0.2.tgz",
      "integrity": "sha512-Jt0vHyM+jmUBqojB7E1NIYadt0vI0Qxjxd2TErW94wDz+E2LAm5vKMXXwg6ZZBTHPuUlDgQHKXvjGBdfcF1ZDQ==",
      "dev": true,
      "license": "MIT",
      "dependencies": {
        "balanced-match": "^1.0.0"
      }
    },
    "node_modules/typedoc/node_modules/entities": {
      "version": "4.5.0",
      "resolved": "https://registry.npmjs.org/entities/-/entities-4.5.0.tgz",
      "integrity": "sha512-V0hjH4dGPh9Ao5p0MoRY6BVqtwCjhz6vI5LT8AJ55H+4g9/4vbHx1I54fS0XuclLhDHArPQCiMjDxjaL8fPxhw==",
      "dev": true,
      "license": "BSD-2-Clause",
      "engines": {
        "node": ">=0.12"
      },
      "funding": {
        "url": "https://github.com/fb55/entities?sponsor=1"
      }
    },
    "node_modules/typedoc/node_modules/linkify-it": {
      "version": "5.0.0",
      "resolved": "https://registry.npmjs.org/linkify-it/-/linkify-it-5.0.0.tgz",
      "integrity": "sha512-5aHCbzQRADcdP+ATqnDuhhJ/MRIqDkZX5pyjFHRRysS8vZ5AbqGEoFIb6pYHPZ+L/OC2Lc+xT8uHVVR5CAK/wQ==",
      "dev": true,
      "license": "MIT",
      "dependencies": {
        "uc.micro": "^2.0.0"
      }
    },
    "node_modules/typedoc/node_modules/markdown-it": {
      "version": "14.1.0",
      "resolved": "https://registry.npmjs.org/markdown-it/-/markdown-it-14.1.0.tgz",
      "integrity": "sha512-a54IwgWPaeBCAAsv13YgmALOF1elABB08FxO9i+r4VFk5Vl4pKokRPeX8u5TCgSsPi6ec1otfLjdOpVcgbpshg==",
      "dev": true,
      "license": "MIT",
      "dependencies": {
        "argparse": "^2.0.1",
        "entities": "^4.4.0",
        "linkify-it": "^5.0.0",
        "mdurl": "^2.0.0",
        "punycode.js": "^2.3.1",
        "uc.micro": "^2.1.0"
      },
      "bin": {
        "markdown-it": "bin/markdown-it.mjs"
      }
    },
    "node_modules/typedoc/node_modules/mdurl": {
      "version": "2.0.0",
      "resolved": "https://registry.npmjs.org/mdurl/-/mdurl-2.0.0.tgz",
      "integrity": "sha512-Lf+9+2r+Tdp5wXDXC4PcIBjTDtq4UKjCPMQhKIuzpJNW0b96kVqSwW0bT7FhRSfmAiFYgP+SCRvdrDozfh0U5w==",
      "dev": true,
      "license": "MIT"
    },
    "node_modules/typedoc/node_modules/minimatch": {
      "version": "9.0.5",
      "resolved": "https://registry.npmjs.org/minimatch/-/minimatch-9.0.5.tgz",
      "integrity": "sha512-G6T0ZX48xgozx7587koeX9Ys2NYy6Gmv//P89sEte9V9whIapMNF4idKxnW2QtCcLiTWlb/wfCabAtAFWhhBow==",
      "dev": true,
      "license": "ISC",
      "dependencies": {
        "brace-expansion": "^2.0.1"
      },
      "engines": {
        "node": ">=16 || 14 >=14.17"
      },
      "funding": {
        "url": "https://github.com/sponsors/isaacs"
      }
    },
    "node_modules/typedoc/node_modules/uc.micro": {
      "version": "2.1.0",
      "resolved": "https://registry.npmjs.org/uc.micro/-/uc.micro-2.1.0.tgz",
      "integrity": "sha512-ARDJmphmdvUk6Glw7y9DQ2bFkKBHwQHLi2lsaH6PPmz/Ka9sFOBsBluozhDltWmnv9u/cF6Rt87znRTPV+yp/A==",
      "dev": true,
      "license": "MIT"
    },
    "node_modules/typescript": {
      "version": "5.8.3",
      "resolved": "https://registry.npmjs.org/typescript/-/typescript-5.8.3.tgz",
      "integrity": "sha512-p1diW6TqL9L07nNxvRMM7hMMw4c5XOo/1ibL4aAIGmSAt9slTE1Xgw5KWuof2uTOvCg9BY7ZRi+GaF+7sfgPeQ==",
      "dev": true,
      "license": "Apache-2.0",
      "bin": {
        "tsc": "bin/tsc",
        "tsserver": "bin/tsserver"
      },
      "engines": {
        "node": ">=14.17"
      }
    },
    "node_modules/util": {
      "version": "0.10.4",
      "resolved": "https://registry.npmjs.org/util/-/util-0.10.4.tgz",
      "integrity": "sha512-0Pm9hTQ3se5ll1XihRic3FDIku70C+iHUdT/W926rSgHV5QgXsYbKZN8MSC3tJtSkhuROzvsQjAaFENRXr+19A==",
      "dev": true,
      "license": "MIT",
      "dependencies": {
        "inherits": "2.0.3"
      }
    },
    "node_modules/util/node_modules/inherits": {
      "version": "2.0.3",
      "resolved": "https://registry.npmjs.org/inherits/-/inherits-2.0.3.tgz",
      "integrity": "sha512-x00IRNXNy63jwGkJmzPigoySHbaqpNuzKbBOmzK+g2OdZpQ9w+sxCN+VSB3ja7IAge2OP2qpfxTjeNcyjmW1uw==",
      "dev": true,
      "license": "ISC"
    },
    "node_modules/yaml": {
      "version": "2.8.0",
      "resolved": "https://registry.npmjs.org/yaml/-/yaml-2.8.0.tgz",
      "integrity": "sha512-4lLa/EcQCB0cJkyts+FpIRx5G/llPxfP6VQU5KByHEhLxY3IJCH0f0Hy1MHI8sClTvsIb8qwRJ6R/ZdlDJ/leQ==",
      "dev": true,
      "license": "ISC",
      "bin": {
        "yaml": "bin.mjs"
      },
      "engines": {
        "node": ">= 14.6"
      }
    }
  }
}
